
Microsoft Visual Studio Solution File, Format Version 12.00
# Visual Studio Version 16
VisualStudioVersion = 16.0.31729.503
MinimumVisualStudioVersion = 10.0.40219.1
Project("{FAE04EC0-301F-11D3-BF4B-00C04F79EFBC}") = "HomeWork3.10.2", "HomeWork3.10.2\HomeWork3.10.2.csproj", "{3453D815-8F52-4934-B145-05AD304AE624}"
EndProject
Global
	GlobalSection(SolutionConfigurationPlatforms) = preSolution
		Debug|Any CPU = Debug|Any CPU
		Release|Any CPU = Release|Any CPU
	EndGlobalSection
	GlobalSection(ProjectConfigurationPlatforms) = postSolution
		{3453D815-8F52-4934-B145-05AD304AE624}.Debug|Any CPU.ActiveCfg = Debug|Any CPU
		{3453D815-8F52-4934-B145-05AD304AE624}.Debug|Any CPU.Build.0 = Debug|Any CPU
		{3453D815-8F52-4934-B145-05AD304AE624}.Release|Any CPU.ActiveCfg = Release|Any CPU
		{3453D815-8F52-4934-B145-05AD304AE624}.Release|Any CPU.Build.0 = Release|Any CPU
	EndGlobalSection
	GlobalSection(SolutionProperties) = preSolution
		HideSolutionNode = FALSE
	EndGlobalSection
	GlobalSection(ExtensibilityGlobals) = postSolution
		SolutionGuid = {E922987C-BB39-4D63-882A-FC5B4F8D0444}
	EndGlobalSection
EndGlobal
